{
  "name": "schema-generator",
  "version": "1.0.0",
  "lockfileVersion": 1,
  "requires": true,
  "dependencies": {
    "@types/json-schema": {
      "version": "6.0.1",
      "resolved": "https://r.cnpmjs.org/@types/json-schema/download/@types/json-schema-6.0.1.tgz",
      "integrity": "sha1-p2GXV0bxwbJXnGLjpLXoj5hvfi4=",
      "dev": true
    },
    "@types/node": {
      "version": "10.5.2",
      "resolved": "https://r.cnpmjs.org/@types/node/download/@types/node-10.5.2.tgz",
      "integrity": "sha1-8Z8FMU1UIf4350FTJUIBp78Apwc=",
      "dev": true
    },
    "argparse": {
      "version": "1.0.10",
      "resolved": "https://r.cnpmjs.org/argparse/download/argparse-1.0.10.tgz",
      "integrity": "sha1-vNZ5HqWuCXJeF+WtmIE0zUCz2RE=",
      "requires": {
        "sprintf-js": "~1.0.2"
      }
    },
    "call-me-maybe": {
      "version": "1.0.1",
      "resolved": "https://r.cnpmjs.org/call-me-maybe/download/call-me-maybe-1.0.1.tgz",
      "integrity": "sha1-JtII6onje1y95gJQoV8DHBak1ms="
    },
    "debug": {
      "version": "3.1.0",
      "resolved": "https://r.cnpmjs.org/debug/download/debug-3.1.0.tgz",
      "integrity": "sha1-W7WgZyYotkFJVmuhaBnmFRjGcmE=",
      "requires": {
        "ms": "2.0.0"
      }
    },
    "esprima": {
      "version": "4.0.1",
      "resolved": "https://r.cnpmjs.org/esprima/download/esprima-4.0.1.tgz",
      "integrity": "sha1-E7BM2z5sXRnfkatph6hpVhmwqnE="
    },
    "format-util": {
      "version": "1.0.3",
      "resolved": "https://r.cnpmjs.org/format-util/download/format-util-1.0.3.tgz",
      "integrity": "sha1-Ay3KShFiYqEsQ/TD7IVmQWxbLZU="
    },
    "js-yaml": {
      "version": "3.12.0",
      "resolved": "https://r.cnpmjs.org/js-yaml/download/js-yaml-3.12.0.tgz",
      "integrity": "sha1-6u1lbsg0TxD1J8a/obbiJE3hZ9E=",
      "requires": {
        "argparse": "^1.0.7",
        "esprima": "^4.0.0"
      }
    },
    "json-schema-ref-parser": {
      "version": "5.1.0",
      "resolved": "https://r.cnpmjs.org/json-schema-ref-parser/download/json-schema-ref-parser-5.1.0.tgz",
      "integrity": "sha1-ZAziP0qXIGj34SIYxJHzwT790GA=",
      "requires": {
        "call-me-maybe": "^1.0.1",
        "debug": "^3.1.0",
        "js-yaml": "^3.12.0",
        "ono": "^4.0.5"
      }
    },
    "ms": {
      "version": "2.0.0",
      "resolved": "https://r.cnpmjs.org/ms/download/ms-2.0.0.tgz",
      "integrity": "sha1-VgiurfwAvmwpAd9fmGF4jeDVl8g="
    },
    "ono": {
      "version": "4.0.5",
      "resolved": "https://r.cnpmjs.org/ono/download/ono-4.0.5.tgz",
      "integrity": "sha1-vGJ0BJOlwcCLLCHmDLsOXFarfeI=",
      "requires": {
        "format-util": "^1.0.3"
      }
    },
    "sprintf-js": {
      "version": "1.0.3",
      "resolved": "https://r.cnpmjs.org/sprintf-js/download/sprintf-js-1.0.3.tgz",
      "integrity": "sha1-BOaSb2YolTVPPdAVIDYzuFcpfiw="
    }
  }
}
